// !$*UTF8*$!
{
	archiveVersion = 1;
	classes = {
	};
	objectVersion = 54;
	objects = {

/* Begin PBXBuildFile section */
		FA0DC78C24A50F0100AF23C6 /* UIColor+.swift in Sources */ = {isa = PBXBuildFile; fileRef = FA0DC78B24A50F0100AF23C6 /* UIColor+.swift */; };
		FA18E6F824A5DDC100F31DF9 /* Preferences.swift in Sources */ = {isa = PBXBuildFile; fileRef = FA18E6F724A5DDC100F31DF9 /* Preferences.swift */; };
		FA18E6FA24A5DDEF00F31DF9 /* Collection+.swift in Sources */ = {isa = PBXBuildFile; fileRef = FA18E6F924A5DDEF00F31DF9 /* Collection+.swift */; };
		FA18E6FC24A5DE0F00F31DF9 /* UIControl+.swift in Sources */ = {isa = PBXBuildFile; fileRef = FA18E6FB24A5DE0F00F31DF9 /* UIControl+.swift */; };
		FA18E6FE24A5DE2E00F31DF9 /* UIFont+.swift in Sources */ = {isa = PBXBuildFile; fileRef = FA18E6FD24A5DE2E00F31DF9 /* UIFont+.swift */; };
		FA18E70A24A6145200F31DF9 /* CloudKit.framework in Frameworks */ = {isa = PBXBuildFile; fileRef = FA18E70924A6145200F31DF9 /* CloudKit.framework */; };
		FA18E71224A6195600F31DF9 /* Tag+CoreDataClass.swift in Sources */ = {isa = PBXBuildFile; fileRef = FA18E70C24A6195600F31DF9 /* Tag+CoreDataClass.swift */; };
		FA18E71324A6195600F31DF9 /* Tag+CoreDataProperties.swift in Sources */ = {isa = PBXBuildFile; fileRef = FA18E70D24A6195600F31DF9 /* Tag+CoreDataProperties.swift */; };
		FA18E71424A6195600F31DF9 /* Counter+CoreDataClass.swift in Sources */ = {isa = PBXBuildFile; fileRef = FA18E70E24A6195600F31DF9 /* Counter+CoreDataClass.swift */; };
		FA18E71524A6195600F31DF9 /* Counter+CoreDataProperties.swift in Sources */ = {isa = PBXBuildFile; fileRef = FA18E70F24A6195600F31DF9 /* Counter+CoreDataProperties.swift */; };
		FA18E71624A6195600F31DF9 /* Group+CoreDataClass.swift in Sources */ = {isa = PBXBuildFile; fileRef = FA18E71024A6195600F31DF9 /* Group+CoreDataClass.swift */; };
		FA18E71724A6195600F31DF9 /* Group+CoreDataProperties.swift in Sources */ = {isa = PBXBuildFile; fileRef = FA18E71124A6195600F31DF9 /* Group+CoreDataProperties.swift */; };
		FA18E71924A61A7D00F31DF9 /* Tag+CD.swift in Sources */ = {isa = PBXBuildFile; fileRef = FA18E71824A61A7D00F31DF9 /* Tag+CD.swift */; };
		FA18E71B24A61A8B00F31DF9 /* Counter+CD.swift in Sources */ = {isa = PBXBuildFile; fileRef = FA18E71A24A61A8B00F31DF9 /* Counter+CD.swift */; };
		FA18E71D24A61A9800F31DF9 /* Group+CD.swift in Sources */ = {isa = PBXBuildFile; fileRef = FA18E71C24A61A9800F31DF9 /* Group+CD.swift */; };
		FA263C7924AA8C7200C0477D /* CounterCVCell.swift in Sources */ = {isa = PBXBuildFile; fileRef = FA263C7824AA8C7200C0477D /* CounterCVCell.swift */; };
		FA38D42F24AFAA7F00092F7D /* Launchscreen.storyboard in Resources */ = {isa = PBXBuildFile; fileRef = FA38D42E24AFAA7E00092F7D /* Launchscreen.storyboard */; };
		FA56B4AA24A781EC005F2B93 /* NSManagedObject+.swift in Sources */ = {isa = PBXBuildFile; fileRef = FA56B4A924A781EC005F2B93 /* NSManagedObject+.swift */; };
		FA63634524CC9BF200175577 /* ChangeRecord+CoreDataClass.swift in Sources */ = {isa = PBXBuildFile; fileRef = FA63634324CC9BF200175577 /* ChangeRecord+CoreDataClass.swift */; };
		FA63634624CC9BF200175577 /* ChangeRecord+CoreDataProperties.swift in Sources */ = {isa = PBXBuildFile; fileRef = FA63634424CC9BF200175577 /* ChangeRecord+CoreDataProperties.swift */; };
		FA689F0624B9059D00C25F8F /* String+.swift in Sources */ = {isa = PBXBuildFile; fileRef = FA689F0524B9059D00C25F8F /* String+.swift */; };
		FA689F0824B9061500C25F8F /* MigrationAssistant.swift in Sources */ = {isa = PBXBuildFile; fileRef = FA689F0724B9061500C25F8F /* MigrationAssistant.swift */; };
		FA8FF38F24BE3C04001A5303 /* Float+.swift in Sources */ = {isa = PBXBuildFile; fileRef = FA8FF38E24BE3C04001A5303 /* Float+.swift */; };
		FAA1BC4324ACF5A30036B4BF /* CounterPreviewVC.swift in Sources */ = {isa = PBXBuildFile; fileRef = FAA1BC4224ACF5A30036B4BF /* CounterPreviewVC.swift */; };
		FAA990A724A3DBB400076201 /* AppDelegate.swift in Sources */ = {isa = PBXBuildFile; fileRef = FAA990A624A3DBB400076201 /* AppDelegate.swift */; };
		FAA990A924A3DBB400076201 /* SceneDelegate.swift in Sources */ = {isa = PBXBuildFile; fileRef = FAA990A824A3DBB400076201 /* SceneDelegate.swift */; };
		FAA990AB24A3DBB400076201 /* RootVC.swift in Sources */ = {isa = PBXBuildFile; fileRef = FAA990AA24A3DBB400076201 /* RootVC.swift */; };
		FAA990B124A3DBB400076201 /* PlusOne.xcdatamodeld in Sources */ = {isa = PBXBuildFile; fileRef = FAA990AF24A3DBB400076201 /* PlusOne.xcdatamodeld */; };
		FAA990B324A3DBB400076201 /* Assets.xcassets in Resources */ = {isa = PBXBuildFile; fileRef = FAA990B224A3DBB400076201 /* Assets.xcassets */; };
		FAA990C124A3DBB500076201 /* PlusOneTests.swift in Sources */ = {isa = PBXBuildFile; fileRef = FAA990C024A3DBB500076201 /* PlusOneTests.swift */; };
		FAA990CC24A3DBB500076201 /* PlusOneUITests.swift in Sources */ = {isa = PBXBuildFile; fileRef = FAA990CB24A3DBB500076201 /* PlusOneUITests.swift */; };
		FAA990DA24A3E27100076201 /* GeneralMedia.xcassets in Resources */ = {isa = PBXBuildFile; fileRef = FAA990D924A3E27100076201 /* GeneralMedia.xcassets */; };
		FAA990DC24A3E63600076201 /* RegularPrimaryVC.swift in Sources */ = {isa = PBXBuildFile; fileRef = FAA990DB24A3E63500076201 /* RegularPrimaryVC.swift */; };
		FAA990DE24A3E64F00076201 /* RegularSecondaryVC.swift in Sources */ = {isa = PBXBuildFile; fileRef = FAA990DD24A3E64F00076201 /* RegularSecondaryVC.swift */; };
		FAA990E024A3E72600076201 /* CompactVC.swift in Sources */ = {isa = PBXBuildFile; fileRef = FAA990DF24A3E72600076201 /* CompactVC.swift */; };
		FAA990E224A3E9AB00076201 /* UIView+Constraints.swift in Sources */ = {isa = PBXBuildFile; fileRef = FAA990E124A3E9AB00076201 /* UIView+Constraints.swift */; };
		FAAF234E24B86D54005B8B71 /* NewCounterVC.swift in Sources */ = {isa = PBXBuildFile; fileRef = FAAF234D24B86D54005B8B71 /* NewCounterVC.swift */; };
		FAB30C7424A688C0003FD7DA /* CoreDataManager.swift in Sources */ = {isa = PBXBuildFile; fileRef = FAB30C7324A688C0003FD7DA /* CoreDataManager.swift */; };
		FAB30C7524A69608003FD7DA /* PlusOne.xcdatamodeld in Sources */ = {isa = PBXBuildFile; fileRef = FAA990AF24A3DBB400076201 /* PlusOne.xcdatamodeld */; };
		FAC69FEF24B8E7A800160539 /* NewCounterView.swift in Sources */ = {isa = PBXBuildFile; fileRef = FAC69FEE24B8E7A800160539 /* NewCounterView.swift */; };
		FAF2C2C924CB431C00784445 /* CounterPreviewView.swift in Sources */ = {isa = PBXBuildFile; fileRef = FAF2C2C824CB431C00784445 /* CounterPreviewView.swift */; };
		FAF2C2CE24CB541E00784445 /* NewCounterVM.swift in Sources */ = {isa = PBXBuildFile; fileRef = FAF2C2CD24CB541E00784445 /* NewCounterVM.swift */; };
		FAF2C2D024CB66F300784445 /* DevLogger.swift in Sources */ = {isa = PBXBuildFile; fileRef = FAF2C2CF24CB66F300784445 /* DevLogger.swift */; };
		FAF55ACE24ABD93F00FC8EF9 /* CountersCV.swift in Sources */ = {isa = PBXBuildFile; fileRef = FAF55ACD24ABD93F00FC8EF9 /* CountersCV.swift */; };
/* End PBXBuildFile section */

/* Begin PBXContainerItemProxy section */
		FAA990BD24A3DBB500076201 /* PBXContainerItemProxy */ = {
			isa = PBXContainerItemProxy;
			containerPortal = FAA9909B24A3DBB400076201 /* Project object */;
			proxyType = 1;
			remoteGlobalIDString = FAA990A224A3DBB400076201;
			remoteInfo = PlusOne;
		};
		FAA990C824A3DBB500076201 /* PBXContainerItemProxy */ = {
			isa = PBXContainerItemProxy;
			containerPortal = FAA9909B24A3DBB400076201 /* Project object */;
			proxyType = 1;
			remoteGlobalIDString = FAA990A224A3DBB400076201;
			remoteInfo = PlusOne;
		};
/* End PBXContainerItemProxy section */

/* Begin PBXFileReference section */
		FA0DC78B24A50F0100AF23C6 /* UIColor+.swift */ = {isa = PBXFileReference; lastKnownFileType = sourcecode.swift; path = "UIColor+.swift"; sourceTree = "<group>"; };
		FA18E6F724A5DDC100F31DF9 /* Preferences.swift */ = {isa = PBXFileReference; lastKnownFileType = sourcecode.swift; path = Preferences.swift; sourceTree = "<group>"; };
		FA18E6F924A5DDEF00F31DF9 /* Collection+.swift */ = {isa = PBXFileReference; fileEncoding = 4; lastKnownFileType = sourcecode.swift; path = "Collection+.swift"; sourceTree = "<group>"; };
		FA18E6FB24A5DE0F00F31DF9 /* UIControl+.swift */ = {isa = PBXFileReference; fileEncoding = 4; lastKnownFileType = sourcecode.swift; path = "UIControl+.swift"; sourceTree = "<group>"; };
		FA18E6FD24A5DE2E00F31DF9 /* UIFont+.swift */ = {isa = PBXFileReference; fileEncoding = 4; lastKnownFileType = sourcecode.swift; path = "UIFont+.swift"; sourceTree = "<group>"; };
		FA18E70724A6142200F31DF9 /* PlusOne.entitlements */ = {isa = PBXFileReference; lastKnownFileType = text.plist.entitlements; path = PlusOne.entitlements; sourceTree = "<group>"; };
		FA18E70924A6145200F31DF9 /* CloudKit.framework */ = {isa = PBXFileReference; lastKnownFileType = wrapper.framework; name = CloudKit.framework; path = System/Library/Frameworks/CloudKit.framework; sourceTree = SDKROOT; };
		FA18E70C24A6195600F31DF9 /* Tag+CoreDataClass.swift */ = {isa = PBXFileReference; lastKnownFileType = sourcecode.swift; path = "Tag+CoreDataClass.swift"; sourceTree = "<group>"; };
		FA18E70D24A6195600F31DF9 /* Tag+CoreDataProperties.swift */ = {isa = PBXFileReference; lastKnownFileType = sourcecode.swift; path = "Tag+CoreDataProperties.swift"; sourceTree = "<group>"; };
		FA18E70E24A6195600F31DF9 /* Counter+CoreDataClass.swift */ = {isa = PBXFileReference; lastKnownFileType = sourcecode.swift; path = "Counter+CoreDataClass.swift"; sourceTree = "<group>"; };
		FA18E70F24A6195600F31DF9 /* Counter+CoreDataProperties.swift */ = {isa = PBXFileReference; lastKnownFileType = sourcecode.swift; path = "Counter+CoreDataProperties.swift"; sourceTree = "<group>"; };
		FA18E71024A6195600F31DF9 /* Group+CoreDataClass.swift */ = {isa = PBXFileReference; lastKnownFileType = sourcecode.swift; path = "Group+CoreDataClass.swift"; sourceTree = "<group>"; };
		FA18E71124A6195600F31DF9 /* Group+CoreDataProperties.swift */ = {isa = PBXFileReference; lastKnownFileType = sourcecode.swift; path = "Group+CoreDataProperties.swift"; sourceTree = "<group>"; };
		FA18E71824A61A7D00F31DF9 /* Tag+CD.swift */ = {isa = PBXFileReference; lastKnownFileType = sourcecode.swift; path = "Tag+CD.swift"; sourceTree = "<group>"; };
		FA18E71A24A61A8B00F31DF9 /* Counter+CD.swift */ = {isa = PBXFileReference; lastKnownFileType = sourcecode.swift; path = "Counter+CD.swift"; sourceTree = "<group>"; };
		FA18E71C24A61A9800F31DF9 /* Group+CD.swift */ = {isa = PBXFileReference; lastKnownFileType = sourcecode.swift; path = "Group+CD.swift"; sourceTree = "<group>"; };
		FA263C7824AA8C7200C0477D /* CounterCVCell.swift */ = {isa = PBXFileReference; lastKnownFileType = sourcecode.swift; path = CounterCVCell.swift; sourceTree = "<group>"; };
		FA38D42E24AFAA7E00092F7D /* Launchscreen.storyboard */ = {isa = PBXFileReference; lastKnownFileType = file.storyboard; path = Launchscreen.storyboard; sourceTree = "<group>"; };
		FA56B4A924A781EC005F2B93 /* NSManagedObject+.swift */ = {isa = PBXFileReference; lastKnownFileType = sourcecode.swift; path = "NSManagedObject+.swift"; sourceTree = "<group>"; };
		FA63634324CC9BF200175577 /* ChangeRecord+CoreDataClass.swift */ = {isa = PBXFileReference; lastKnownFileType = sourcecode.swift; path = "ChangeRecord+CoreDataClass.swift"; sourceTree = "<group>"; };
		FA63634424CC9BF200175577 /* ChangeRecord+CoreDataProperties.swift */ = {isa = PBXFileReference; lastKnownFileType = sourcecode.swift; path = "ChangeRecord+CoreDataProperties.swift"; sourceTree = "<group>"; };
		FA689F0524B9059D00C25F8F /* String+.swift */ = {isa = PBXFileReference; lastKnownFileType = sourcecode.swift; path = "String+.swift"; sourceTree = "<group>"; };
		FA689F0724B9061500C25F8F /* MigrationAssistant.swift */ = {isa = PBXFileReference; lastKnownFileType = sourcecode.swift; path = MigrationAssistant.swift; sourceTree = "<group>"; };
		FA8FF38E24BE3C04001A5303 /* Float+.swift */ = {isa = PBXFileReference; lastKnownFileType = sourcecode.swift; path = "Float+.swift"; sourceTree = "<group>"; };
		FAA1BC4224ACF5A30036B4BF /* CounterPreviewVC.swift */ = {isa = PBXFileReference; lastKnownFileType = sourcecode.swift; path = CounterPreviewVC.swift; sourceTree = "<group>"; };
		FAA990A324A3DBB400076201 /* PlusOne.app */ = {isa = PBXFileReference; explicitFileType = wrapper.application; includeInIndex = 0; path = PlusOne.app; sourceTree = BUILT_PRODUCTS_DIR; };
		FAA990A624A3DBB400076201 /* AppDelegate.swift */ = {isa = PBXFileReference; lastKnownFileType = sourcecode.swift; path = AppDelegate.swift; sourceTree = "<group>"; };
		FAA990A824A3DBB400076201 /* SceneDelegate.swift */ = {isa = PBXFileReference; lastKnownFileType = sourcecode.swift; path = SceneDelegate.swift; sourceTree = "<group>"; };
		FAA990AA24A3DBB400076201 /* RootVC.swift */ = {isa = PBXFileReference; lastKnownFileType = sourcecode.swift; path = RootVC.swift; sourceTree = "<group>"; };
		FAA990B024A3DBB400076201 /* PlusOne.xcdatamodel */ = {isa = PBXFileReference; lastKnownFileType = wrapper.xcdatamodel; path = PlusOne.xcdatamodel; sourceTree = "<group>"; };
		FAA990B224A3DBB400076201 /* Assets.xcassets */ = {isa = PBXFileReference; lastKnownFileType = folder.assetcatalog; path = Assets.xcassets; sourceTree = "<group>"; };
		FAA990B724A3DBB400076201 /* Info.plist */ = {isa = PBXFileReference; lastKnownFileType = text.plist.xml; path = Info.plist; sourceTree = "<group>"; };
		FAA990BC24A3DBB500076201 /* PlusOneTests.xctest */ = {isa = PBXFileReference; explicitFileType = wrapper.cfbundle; includeInIndex = 0; path = PlusOneTests.xctest; sourceTree = BUILT_PRODUCTS_DIR; };
		FAA990C024A3DBB500076201 /* PlusOneTests.swift */ = {isa = PBXFileReference; lastKnownFileType = sourcecode.swift; path = PlusOneTests.swift; sourceTree = "<group>"; };
		FAA990C224A3DBB500076201 /* Info.plist */ = {isa = PBXFileReference; lastKnownFileType = text.plist.xml; path = Info.plist; sourceTree = "<group>"; };
		FAA990C724A3DBB500076201 /* PlusOneUITests.xctest */ = {isa = PBXFileReference; explicitFileType = wrapper.cfbundle; includeInIndex = 0; path = PlusOneUITests.xctest; sourceTree = BUILT_PRODUCTS_DIR; };
		FAA990CB24A3DBB500076201 /* PlusOneUITests.swift */ = {isa = PBXFileReference; lastKnownFileType = sourcecode.swift; path = PlusOneUITests.swift; sourceTree = "<group>"; };
		FAA990CD24A3DBB500076201 /* Info.plist */ = {isa = PBXFileReference; lastKnownFileType = text.plist.xml; path = Info.plist; sourceTree = "<group>"; };
		FAA990D924A3E27100076201 /* GeneralMedia.xcassets */ = {isa = PBXFileReference; lastKnownFileType = folder.assetcatalog; path = GeneralMedia.xcassets; sourceTree = "<group>"; };
		FAA990DB24A3E63500076201 /* RegularPrimaryVC.swift */ = {isa = PBXFileReference; lastKnownFileType = sourcecode.swift; path = RegularPrimaryVC.swift; sourceTree = "<group>"; };
		FAA990DD24A3E64F00076201 /* RegularSecondaryVC.swift */ = {isa = PBXFileReference; lastKnownFileType = sourcecode.swift; path = RegularSecondaryVC.swift; sourceTree = "<group>"; };
		FAA990DF24A3E72600076201 /* CompactVC.swift */ = {isa = PBXFileReference; lastKnownFileType = sourcecode.swift; path = CompactVC.swift; sourceTree = "<group>"; };
		FAA990E124A3E9AB00076201 /* UIView+Constraints.swift */ = {isa = PBXFileReference; lastKnownFileType = sourcecode.swift; path = "UIView+Constraints.swift"; sourceTree = "<group>"; };
		FAAF234D24B86D54005B8B71 /* NewCounterVC.swift */ = {isa = PBXFileReference; lastKnownFileType = sourcecode.swift; path = NewCounterVC.swift; sourceTree = "<group>"; };
		FAB30C7324A688C0003FD7DA /* CoreDataManager.swift */ = {isa = PBXFileReference; lastKnownFileType = sourcecode.swift; path = CoreDataManager.swift; sourceTree = "<group>"; };
		FAC69FEE24B8E7A800160539 /* NewCounterView.swift */ = {isa = PBXFileReference; lastKnownFileType = sourcecode.swift; path = NewCounterView.swift; sourceTree = "<group>"; };
		FAF2C2C824CB431C00784445 /* CounterPreviewView.swift */ = {isa = PBXFileReference; lastKnownFileType = sourcecode.swift; path = CounterPreviewView.swift; sourceTree = "<group>"; };
		FAF2C2CD24CB541E00784445 /* NewCounterVM.swift */ = {isa = PBXFileReference; lastKnownFileType = sourcecode.swift; path = NewCounterVM.swift; sourceTree = "<group>"; };
		FAF2C2CF24CB66F300784445 /* DevLogger.swift */ = {isa = PBXFileReference; lastKnownFileType = sourcecode.swift; path = DevLogger.swift; sourceTree = "<group>"; };
		FAF55ACD24ABD93F00FC8EF9 /* CountersCV.swift */ = {isa = PBXFileReference; lastKnownFileType = sourcecode.swift; path = CountersCV.swift; sourceTree = "<group>"; };
/* End PBXFileReference section */

/* Begin PBXFrameworksBuildPhase section */
		FAA990A024A3DBB400076201 /* Frameworks */ = {
			isa = PBXFrameworksBuildPhase;
			buildActionMask = 2147483647;
			files = (
				FA18E70A24A6145200F31DF9 /* CloudKit.framework in Frameworks */,
			);
			runOnlyForDeploymentPostprocessing = 0;
		};
		FAA990B924A3DBB500076201 /* Frameworks */ = {
			isa = PBXFrameworksBuildPhase;
			buildActionMask = 2147483647;
			files = (
			);
			runOnlyForDeploymentPostprocessing = 0;
		};
		FAA990C424A3DBB500076201 /* Frameworks */ = {
			isa = PBXFrameworksBuildPhase;
			buildActionMask = 2147483647;
			files = (
			);
			runOnlyForDeploymentPostprocessing = 0;
		};
/* End PBXFrameworksBuildPhase section */

/* Begin PBXGroup section */
		FA18E6FF24A5DE6700F31DF9 /* Extensions */ = {
			isa = PBXGroup;
			children = (
				FAA990E124A3E9AB00076201 /* UIView+Constraints.swift */,
				FA8FF38E24BE3C04001A5303 /* Float+.swift */,
				FA0DC78B24A50F0100AF23C6 /* UIColor+.swift */,
				FA18E6F924A5DDEF00F31DF9 /* Collection+.swift */,
				FA56B4A924A781EC005F2B93 /* NSManagedObject+.swift */,
				FA18E6FB24A5DE0F00F31DF9 /* UIControl+.swift */,
				FA18E6FD24A5DE2E00F31DF9 /* UIFont+.swift */,
				FA689F0524B9059D00C25F8F /* String+.swift */,
			);
			path = Extensions;
			sourceTree = "<group>";
		};
		FA18E70024A5DE7D00F31DF9 /* Resources */ = {
			isa = PBXGroup;
			children = (
				FA38D42E24AFAA7E00092F7D /* Launchscreen.storyboard */,
				FAA990B224A3DBB400076201 /* Assets.xcassets */,
				FAA990D924A3E27100076201 /* GeneralMedia.xcassets */,
			);
			path = Resources;
			sourceTree = "<group>";
		};
		FA18E70124A5DE9100F31DF9 /* Managers */ = {
			isa = PBXGroup;
			children = (
				FA18E6F724A5DDC100F31DF9 /* Preferences.swift */,
				FAB30C7324A688C0003FD7DA /* CoreDataManager.swift */,
				FAF2C2CF24CB66F300784445 /* DevLogger.swift */,
				FA689F0724B9061500C25F8F /* MigrationAssistant.swift */,
			);
			path = Managers;
			sourceTree = "<group>";
		};
		FA18E70224A5DEA200F31DF9 /* UI */ = {
			isa = PBXGroup;
			children = (
				FAA990AA24A3DBB400076201 /* RootVC.swift */,
				FA689F0924B9135C00C25F8F /* Regular */,
				FA689F0A24B9137700C25F8F /* Compact */,
				FA689F0B24B9138500C25F8F /* NewCounter */,
				FA689F0C24B9139000C25F8F /* CountersCollection */,
			);
			path = UI;
			sourceTree = "<group>";
		};
		FA18E70824A6145200F31DF9 /* Frameworks */ = {
			isa = PBXGroup;
			children = (
				FA18E70924A6145200F31DF9 /* CloudKit.framework */,
			);
			name = Frameworks;
			sourceTree = "<group>";
		};
		FA18E70B24A618F600F31DF9 /* Model */ = {
			isa = PBXGroup;
			children = (
				FA63634324CC9BF200175577 /* ChangeRecord+CoreDataClass.swift */,
				FA63634424CC9BF200175577 /* ChangeRecord+CoreDataProperties.swift */,
				FA18E70C24A6195600F31DF9 /* Tag+CoreDataClass.swift */,
				FA18E70D24A6195600F31DF9 /* Tag+CoreDataProperties.swift */,
				FA18E71824A61A7D00F31DF9 /* Tag+CD.swift */,
				FA18E70E24A6195600F31DF9 /* Counter+CoreDataClass.swift */,
				FA18E70F24A6195600F31DF9 /* Counter+CoreDataProperties.swift */,
				FA18E71A24A61A8B00F31DF9 /* Counter+CD.swift */,
				FA18E71024A6195600F31DF9 /* Group+CoreDataClass.swift */,
				FA18E71124A6195600F31DF9 /* Group+CoreDataProperties.swift */,
				FA18E71C24A61A9800F31DF9 /* Group+CD.swift */,
				FAA990AF24A3DBB400076201 /* PlusOne.xcdatamodeld */,
			);
			path = Model;
			sourceTree = "<group>";
		};
		FA689F0924B9135C00C25F8F /* Regular */ = {
			isa = PBXGroup;
			children = (
				FAA990DB24A3E63500076201 /* RegularPrimaryVC.swift */,
				FAA990DD24A3E64F00076201 /* RegularSecondaryVC.swift */,
			);
			path = Regular;
			sourceTree = "<group>";
		};
		FA689F0A24B9137700C25F8F /* Compact */ = {
			isa = PBXGroup;
			children = (
				FAA990DF24A3E72600076201 /* CompactVC.swift */,
			);
			path = Compact;
			sourceTree = "<group>";
		};
		FA689F0B24B9138500C25F8F /* NewCounter */ = {
			isa = PBXGroup;
			children = (
				FAAF234D24B86D54005B8B71 /* NewCounterVC.swift */,
				FAC69FEE24B8E7A800160539 /* NewCounterView.swift */,
				FAF2C2CD24CB541E00784445 /* NewCounterVM.swift */,
			);
			path = NewCounter;
			sourceTree = "<group>";
		};
		FA689F0C24B9139000C25F8F /* CountersCollection */ = {
			isa = PBXGroup;
			children = (
				FAF55ACD24ABD93F00FC8EF9 /* CountersCV.swift */,
				FA263C7824AA8C7200C0477D /* CounterCVCell.swift */,
				FAF2C2C724CB430100784445 /* Preview */,
			);
			path = CountersCollection;
			sourceTree = "<group>";
		};
		FAA9909A24A3DBB400076201 = {
			isa = PBXGroup;
			children = (
				FAA990A524A3DBB400076201 /* PlusOne */,
				FAA990BF24A3DBB500076201 /* PlusOneTests */,
				FAA990CA24A3DBB500076201 /* PlusOneUITests */,
				FAA990A424A3DBB400076201 /* Products */,
				FA18E70824A6145200F31DF9 /* Frameworks */,
			);
			sourceTree = "<group>";
		};
		FAA990A424A3DBB400076201 /* Products */ = {
			isa = PBXGroup;
			children = (
				FAA990A324A3DBB400076201 /* PlusOne.app */,
				FAA990BC24A3DBB500076201 /* PlusOneTests.xctest */,
				FAA990C724A3DBB500076201 /* PlusOneUITests.xctest */,
			);
			name = Products;
			sourceTree = "<group>";
		};
		FAA990A524A3DBB400076201 /* PlusOne */ = {
			isa = PBXGroup;
			children = (
				FA18E70724A6142200F31DF9 /* PlusOne.entitlements */,
				FAA990B724A3DBB400076201 /* Info.plist */,
				FAA990A624A3DBB400076201 /* AppDelegate.swift */,
				FAA990A824A3DBB400076201 /* SceneDelegate.swift */,
				FA18E70224A5DEA200F31DF9 /* UI */,
				FA18E70124A5DE9100F31DF9 /* Managers */,
				FA18E6FF24A5DE6700F31DF9 /* Extensions */,
				FA18E70024A5DE7D00F31DF9 /* Resources */,
				FA18E70B24A618F600F31DF9 /* Model */,
			);
			path = PlusOne;
			sourceTree = "<group>";
		};
		FAA990BF24A3DBB500076201 /* PlusOneTests */ = {
			isa = PBXGroup;
			children = (
				FAA990C024A3DBB500076201 /* PlusOneTests.swift */,
				FAA990C224A3DBB500076201 /* Info.plist */,
			);
			path = PlusOneTests;
			sourceTree = "<group>";
		};
		FAA990CA24A3DBB500076201 /* PlusOneUITests */ = {
			isa = PBXGroup;
			children = (
				FAA990CB24A3DBB500076201 /* PlusOneUITests.swift */,
				FAA990CD24A3DBB500076201 /* Info.plist */,
			);
			path = PlusOneUITests;
			sourceTree = "<group>";
		};
		FAF2C2C724CB430100784445 /* Preview */ = {
			isa = PBXGroup;
			children = (
				FAA1BC4224ACF5A30036B4BF /* CounterPreviewVC.swift */,
				FAF2C2C824CB431C00784445 /* CounterPreviewView.swift */,
			);
			path = Preview;
			sourceTree = "<group>";
		};
/* End PBXGroup section */

/* Begin PBXNativeTarget section */
		FAA990A224A3DBB400076201 /* PlusOne */ = {
			isa = PBXNativeTarget;
			buildConfigurationList = FAA990D024A3DBB500076201 /* Build configuration list for PBXNativeTarget "PlusOne" */;
			buildPhases = (
				FAA9909F24A3DBB400076201 /* Sources */,
				FAA990A024A3DBB400076201 /* Frameworks */,
				FAA990A124A3DBB400076201 /* Resources */,
			);
			buildRules = (
			);
			dependencies = (
			);
			name = PlusOne;
			productName = PlusOne;
			productReference = FAA990A324A3DBB400076201 /* PlusOne.app */;
			productType = "com.apple.product-type.application";
		};
		FAA990BB24A3DBB500076201 /* PlusOneTests */ = {
			isa = PBXNativeTarget;
			buildConfigurationList = FAA990D324A3DBB500076201 /* Build configuration list for PBXNativeTarget "PlusOneTests" */;
			buildPhases = (
				FAA990B824A3DBB500076201 /* Sources */,
				FAA990B924A3DBB500076201 /* Frameworks */,
				FAA990BA24A3DBB500076201 /* Resources */,
			);
			buildRules = (
			);
			dependencies = (
				FAA990BE24A3DBB500076201 /* PBXTargetDependency */,
			);
			name = PlusOneTests;
			productName = PlusOneTests;
			productReference = FAA990BC24A3DBB500076201 /* PlusOneTests.xctest */;
			productType = "com.apple.product-type.bundle.unit-test";
		};
		FAA990C624A3DBB500076201 /* PlusOneUITests */ = {
			isa = PBXNativeTarget;
			buildConfigurationList = FAA990D624A3DBB500076201 /* Build configuration list for PBXNativeTarget "PlusOneUITests" */;
			buildPhases = (
				FAA990C324A3DBB500076201 /* Sources */,
				FAA990C424A3DBB500076201 /* Frameworks */,
				FAA990C524A3DBB500076201 /* Resources */,
			);
			buildRules = (
			);
			dependencies = (
				FAA990C924A3DBB500076201 /* PBXTargetDependency */,
			);
			name = PlusOneUITests;
			productName = PlusOneUITests;
			productReference = FAA990C724A3DBB500076201 /* PlusOneUITests.xctest */;
			productType = "com.apple.product-type.bundle.ui-testing";
		};
/* End PBXNativeTarget section */

/* Begin PBXProject section */
		FAA9909B24A3DBB400076201 /* Project object */ = {
			isa = PBXProject;
			attributes = {
				LastSwiftUpdateCheck = 1200;
				LastUpgradeCheck = 1200;
				TargetAttributes = {
					FAA990A224A3DBB400076201 = {
						CreatedOnToolsVersion = 12.0;
					};
					FAA990BB24A3DBB500076201 = {
						CreatedOnToolsVersion = 12.0;
						TestTargetID = FAA990A224A3DBB400076201;
					};
					FAA990C624A3DBB500076201 = {
						CreatedOnToolsVersion = 12.0;
						TestTargetID = FAA990A224A3DBB400076201;
					};
				};
			};
			buildConfigurationList = FAA9909E24A3DBB400076201 /* Build configuration list for PBXProject "PlusOne" */;
			compatibilityVersion = "Xcode 12.0";
			developmentRegion = en;
			hasScannedForEncodings = 0;
			knownRegions = (
				en,
				Base,
			);
			mainGroup = FAA9909A24A3DBB400076201;
			productRefGroup = FAA990A424A3DBB400076201 /* Products */;
			projectDirPath = "";
			projectRoot = "";
			targets = (
				FAA990A224A3DBB400076201 /* PlusOne */,
				FAA990BB24A3DBB500076201 /* PlusOneTests */,
				FAA990C624A3DBB500076201 /* PlusOneUITests */,
			);
		};
/* End PBXProject section */

/* Begin PBXResourcesBuildPhase section */
		FAA990A124A3DBB400076201 /* Resources */ = {
			isa = PBXResourcesBuildPhase;
			buildActionMask = 2147483647;
			files = (
				FA38D42F24AFAA7F00092F7D /* Launchscreen.storyboard in Resources */,
				FAA990B324A3DBB400076201 /* Assets.xcassets in Resources */,
				FAA990DA24A3E27100076201 /* GeneralMedia.xcassets in Resources */,
			);
			runOnlyForDeploymentPostprocessing = 0;
		};
		FAA990BA24A3DBB500076201 /* Resources */ = {
			isa = PBXResourcesBuildPhase;
			buildActionMask = 2147483647;
			files = (
			);
			runOnlyForDeploymentPostprocessing = 0;
		};
		FAA990C524A3DBB500076201 /* Resources */ = {
			isa = PBXResourcesBuildPhase;
			buildActionMask = 2147483647;
			files = (
			);
			runOnlyForDeploymentPostprocessing = 0;
		};
/* End PBXResourcesBuildPhase section */

/* Begin PBXSourcesBuildPhase section */
		FAA9909F24A3DBB400076201 /* Sources */ = {
			isa = PBXSourcesBuildPhase;
			buildActionMask = 2147483647;
			files = (
				FAC69FEF24B8E7A800160539 /* NewCounterView.swift in Sources */,
				FA18E71D24A61A9800F31DF9 /* Group+CD.swift in Sources */,
				FA18E6FE24A5DE2E00F31DF9 /* UIFont+.swift in Sources */,
				FA18E71324A6195600F31DF9 /* Tag+CoreDataProperties.swift in Sources */,
				FA63634524CC9BF200175577 /* ChangeRecord+CoreDataClass.swift in Sources */,
				FAF55ACE24ABD93F00FC8EF9 /* CountersCV.swift in Sources */,
				FAA990AB24A3DBB400076201 /* RootVC.swift in Sources */,
				FA18E71224A6195600F31DF9 /* Tag+CoreDataClass.swift in Sources */,
				FA18E71424A6195600F31DF9 /* Counter+CoreDataClass.swift in Sources */,
				FA18E71624A6195600F31DF9 /* Group+CoreDataClass.swift in Sources */,
				FAF2C2D024CB66F300784445 /* DevLogger.swift in Sources */,
				FA263C7924AA8C7200C0477D /* CounterCVCell.swift in Sources */,
				FAA990DC24A3E63600076201 /* RegularPrimaryVC.swift in Sources */,
				FAA990DE24A3E64F00076201 /* RegularSecondaryVC.swift in Sources */,
				FAA990A724A3DBB400076201 /* AppDelegate.swift in Sources */,
				FAF2C2C924CB431C00784445 /* CounterPreviewView.swift in Sources */,
				FAA990B124A3DBB400076201 /* PlusOne.xcdatamodeld in Sources */,
				FA56B4AA24A781EC005F2B93 /* NSManagedObject+.swift in Sources */,
				FA18E71524A6195600F31DF9 /* Counter+CoreDataProperties.swift in Sources */,
				FA18E71724A6195600F31DF9 /* Group+CoreDataProperties.swift in Sources */,
				FA63634624CC9BF200175577 /* ChangeRecord+CoreDataProperties.swift in Sources */,
				FAA990E024A3E72600076201 /* CompactVC.swift in Sources */,
				FA18E71924A61A7D00F31DF9 /* Tag+CD.swift in Sources */,
				FAA990A924A3DBB400076201 /* SceneDelegate.swift in Sources */,
				FAB30C7424A688C0003FD7DA /* CoreDataManager.swift in Sources */,
				FA18E6FA24A5DDEF00F31DF9 /* Collection+.swift in Sources */,
				FA689F0624B9059D00C25F8F /* String+.swift in Sources */,
				FAF2C2CE24CB541E00784445 /* NewCounterVM.swift in Sources */,
				FA18E71B24A61A8B00F31DF9 /* Counter+CD.swift in Sources */,
				FAA1BC4324ACF5A30036B4BF /* CounterPreviewVC.swift in Sources */,
				FAA990E224A3E9AB00076201 /* UIView+Constraints.swift in Sources */,
				FA8FF38F24BE3C04001A5303 /* Float+.swift in Sources */,
				FAAF234E24B86D54005B8B71 /* NewCounterVC.swift in Sources */,
				FA18E6FC24A5DE0F00F31DF9 /* UIControl+.swift in Sources */,
				FA0DC78C24A50F0100AF23C6 /* UIColor+.swift in Sources */,
				FA18E6F824A5DDC100F31DF9 /* Preferences.swift in Sources */,
				FA689F0824B9061500C25F8F /* MigrationAssistant.swift in Sources */,
			);
			runOnlyForDeploymentPostprocessing = 0;
		};
		FAA990B824A3DBB500076201 /* Sources */ = {
			isa = PBXSourcesBuildPhase;
			buildActionMask = 2147483647;
			files = (
				FAB30C7524A69608003FD7DA /* PlusOne.xcdatamodeld in Sources */,
				FAA990C124A3DBB500076201 /* PlusOneTests.swift in Sources */,
			);
			runOnlyForDeploymentPostprocessing = 0;
		};
		FAA990C324A3DBB500076201 /* Sources */ = {
			isa = PBXSourcesBuildPhase;
			buildActionMask = 2147483647;
			files = (
				FAA990CC24A3DBB500076201 /* PlusOneUITests.swift in Sources */,
			);
			runOnlyForDeploymentPostprocessing = 0;
		};
/* End PBXSourcesBuildPhase section */

/* Begin PBXTargetDependency section */
		FAA990BE24A3DBB500076201 /* PBXTargetDependency */ = {
			isa = PBXTargetDependency;
			target = FAA990A224A3DBB400076201 /* PlusOne */;
			targetProxy = FAA990BD24A3DBB500076201 /* PBXContainerItemProxy */;
		};
		FAA990C924A3DBB500076201 /* PBXTargetDependency */ = {
			isa = PBXTargetDependency;
			target = FAA990A224A3DBB400076201 /* PlusOne */;
			targetProxy = FAA990C824A3DBB500076201 /* PBXContainerItemProxy */;
		};
/* End PBXTargetDependency section */

/* Begin XCBuildConfiguration section */
		FAA990CE24A3DBB500076201 /* Debug */ = {
			isa = XCBuildConfiguration;
			buildSettings = {
				ALWAYS_SEARCH_USER_PATHS = NO;
				CLANG_ANALYZER_NONNULL = YES;
				CLANG_ANALYZER_NUMBER_OBJECT_CONVERSION = YES_AGGRESSIVE;
				CLANG_CXX_LANGUAGE_STANDARD = "gnu++14";
				CLANG_CXX_LIBRARY = "libc++";
				CLANG_ENABLE_MODULES = YES;
				CLANG_ENABLE_OBJC_ARC = YES;
				CLANG_ENABLE_OBJC_WEAK = YES;
				CLANG_WARN_BLOCK_CAPTURE_AUTORELEASING = YES;
				CLANG_WARN_BOOL_CONVERSION = YES;
				CLANG_WARN_COMMA = YES;
				CLANG_WARN_CONSTANT_CONVERSION = YES;
				CLANG_WARN_DEPRECATED_OBJC_IMPLEMENTATIONS = YES;
				CLANG_WARN_DIRECT_OBJC_ISA_USAGE = YES_ERROR;
				CLANG_WARN_DOCUMENTATION_COMMENTS = YES;
				CLANG_WARN_EMPTY_BODY = YES;
				CLANG_WARN_ENUM_CONVERSION = YES;
				CLANG_WARN_INFINITE_RECURSION = YES;
				CLANG_WARN_INT_CONVERSION = YES;
				CLANG_WARN_NON_LITERAL_NULL_CONVERSION = YES;
				CLANG_WARN_OBJC_IMPLICIT_RETAIN_SELF = YES;
				CLANG_WARN_OBJC_LITERAL_CONVERSION = YES;
				CLANG_WARN_OBJC_ROOT_CLASS = YES_ERROR;
				CLANG_WARN_QUOTED_INCLUDE_IN_FRAMEWORK_HEADER = YES;
				CLANG_WARN_RANGE_LOOP_ANALYSIS = YES;
				CLANG_WARN_STRICT_PROTOTYPES = YES;
				CLANG_WARN_SUSPICIOUS_MOVE = YES;
				CLANG_WARN_UNGUARDED_AVAILABILITY = YES_AGGRESSIVE;
				CLANG_WARN_UNREACHABLE_CODE = YES;
				CLANG_WARN__DUPLICATE_METHOD_MATCH = YES;
				COPY_PHASE_STRIP = NO;
				DEBUG_INFORMATION_FORMAT = dwarf;
				ENABLE_STRICT_OBJC_MSGSEND = YES;
				ENABLE_TESTABILITY = YES;
				GCC_C_LANGUAGE_STANDARD = gnu11;
				GCC_DYNAMIC_NO_PIC = NO;
				GCC_NO_COMMON_BLOCKS = YES;
				GCC_OPTIMIZATION_LEVEL = 0;
				GCC_PREPROCESSOR_DEFINITIONS = (
					"DEBUG=1",
					"$(inherited)",
				);
				GCC_WARN_64_TO_32_BIT_CONVERSION = YES;
				GCC_WARN_ABOUT_RETURN_TYPE = YES_ERROR;
				GCC_WARN_UNDECLARED_SELECTOR = YES;
				GCC_WARN_UNINITIALIZED_AUTOS = YES_AGGRESSIVE;
				GCC_WARN_UNUSED_FUNCTION = YES;
				GCC_WARN_UNUSED_VARIABLE = YES;
				IPHONEOS_DEPLOYMENT_TARGET = 14.0;
				MTL_ENABLE_DEBUG_INFO = INCLUDE_SOURCE;
				MTL_FAST_MATH = YES;
				ONLY_ACTIVE_ARCH = YES;
				SDKROOT = iphoneos;
				SWIFT_ACTIVE_COMPILATION_CONDITIONS = DEBUG;
				SWIFT_OPTIMIZATION_LEVEL = "-Onone";
			};
			name = Debug;
		};
		FAA990CF24A3DBB500076201 /* Release */ = {
			isa = XCBuildConfiguration;
			buildSettings = {
				ALWAYS_SEARCH_USER_PATHS = NO;
				CLANG_ANALYZER_NONNULL = YES;
				CLANG_ANALYZER_NUMBER_OBJECT_CONVERSION = YES_AGGRESSIVE;
				CLANG_CXX_LANGUAGE_STANDARD = "gnu++14";
				CLANG_CXX_LIBRARY = "libc++";
				CLANG_ENABLE_MODULES = YES;
				CLANG_ENABLE_OBJC_ARC = YES;
				CLANG_ENABLE_OBJC_WEAK = YES;
				CLANG_WARN_BLOCK_CAPTURE_AUTORELEASING = YES;
				CLANG_WARN_BOOL_CONVERSION = YES;
				CLANG_WARN_COMMA = YES;
				CLANG_WARN_CONSTANT_CONVERSION = YES;
				CLANG_WARN_DEPRECATED_OBJC_IMPLEMENTATIONS = YES;
				CLANG_WARN_DIRECT_OBJC_ISA_USAGE = YES_ERROR;
				CLANG_WARN_DOCUMENTATION_COMMENTS = YES;
				CLANG_WARN_EMPTY_BODY = YES;
				CLANG_WARN_ENUM_CONVERSION = YES;
				CLANG_WARN_INFINITE_RECURSION = YES;
				CLANG_WARN_INT_CONVERSION = YES;
				CLANG_WARN_NON_LITERAL_NULL_CONVERSION = YES;
				CLANG_WARN_OBJC_IMPLICIT_RETAIN_SELF = YES;
				CLANG_WARN_OBJC_LITERAL_CONVERSION = YES;
				CLANG_WARN_OBJC_ROOT_CLASS = YES_ERROR;
				CLANG_WARN_QUOTED_INCLUDE_IN_FRAMEWORK_HEADER = YES;
				CLANG_WARN_RANGE_LOOP_ANALYSIS = YES;
				CLANG_WARN_STRICT_PROTOTYPES = YES;
				CLANG_WARN_SUSPICIOUS_MOVE = YES;
				CLANG_WARN_UNGUARDED_AVAILABILITY = YES_AGGRESSIVE;
				CLANG_WARN_UNREACHABLE_CODE = YES;
				CLANG_WARN__DUPLICATE_METHOD_MATCH = YES;
				COPY_PHASE_STRIP = NO;
				DEBUG_INFORMATION_FORMAT = "dwarf-with-dsym";
				ENABLE_NS_ASSERTIONS = NO;
				ENABLE_STRICT_OBJC_MSGSEND = YES;
				GCC_C_LANGUAGE_STANDARD = gnu11;
				GCC_NO_COMMON_BLOCKS = YES;
				GCC_WARN_64_TO_32_BIT_CONVERSION = YES;
				GCC_WARN_ABOUT_RETURN_TYPE = YES_ERROR;
				GCC_WARN_UNDECLARED_SELECTOR = YES;
				GCC_WARN_UNINITIALIZED_AUTOS = YES_AGGRESSIVE;
				GCC_WARN_UNUSED_FUNCTION = YES;
				GCC_WARN_UNUSED_VARIABLE = YES;
				IPHONEOS_DEPLOYMENT_TARGET = 14.0;
				MTL_ENABLE_DEBUG_INFO = NO;
				MTL_FAST_MATH = YES;
				SDKROOT = iphoneos;
				SWIFT_COMPILATION_MODE = wholemodule;
				SWIFT_OPTIMIZATION_LEVEL = "-O";
				VALIDATE_PRODUCT = YES;
			};
			name = Release;
		};
		FAA990D124A3DBB500076201 /* Debug */ = {
			isa = XCBuildConfiguration;
			buildSettings = {
				ASSETCATALOG_COMPILER_APPICON_NAME = AppIcon;
				ASSETCATALOG_COMPILER_GLOBAL_ACCENT_COLOR_NAME = AccentColor;
				CODE_SIGN_ENTITLEMENTS = PlusOne/PlusOne.entitlements;
				CODE_SIGN_STYLE = Automatic;
				CURRENT_PROJECT_VERSION = 3;
				DEVELOPMENT_TEAM = 55SRM36F8Y;
				INFOPLIST_FILE = PlusOne/Info.plist;
				LD_RUNPATH_SEARCH_PATHS = (
					"$(inherited)",
					"@executable_path/Frameworks",
				);
				MARKETING_VERSION = 2.0.0;
				PRODUCT_BUNDLE_IDENTIFIER = NknrDev.QuickCounter;
				PRODUCT_NAME = "$(TARGET_NAME)";
				SUPPORTS_MACCATALYST = YES;
				SWIFT_VERSION = 5.0;
				TARGETED_DEVICE_FAMILY = "1,2,6";
			};
			name = Debug;
		};
		FAA990D224A3DBB500076201 /* Release */ = {
			isa = XCBuildConfiguration;
			buildSettings = {
				ASSETCATALOG_COMPILER_APPICON_NAME = AppIcon;
				ASSETCATALOG_COMPILER_GLOBAL_ACCENT_COLOR_NAME = AccentColor;
				CODE_SIGN_ENTITLEMENTS = PlusOne/PlusOne.entitlements;
				CODE_SIGN_STYLE = Automatic;
				CURRENT_PROJECT_VERSION = 3;
				DEVELOPMENT_TEAM = 55SRM36F8Y;
				INFOPLIST_FILE = PlusOne/Info.plist;
				LD_RUNPATH_SEARCH_PATHS = (
					"$(inherited)",
					"@executable_path/Frameworks",
				);
				MARKETING_VERSION = 2.0.0;
				PRODUCT_BUNDLE_IDENTIFIER = NknrDev.QuickCounter;
				PRODUCT_NAME = "$(TARGET_NAME)";
				SUPPORTS_MACCATALYST = YES;
				SWIFT_VERSION = 5.0;
				TARGETED_DEVICE_FAMILY = "1,2,6";
			};
			name = Release;
		};
		FAA990D424A3DBB500076201 /* Debug */ = {
			isa = XCBuildConfiguration;
			buildSettings = {
				ALWAYS_EMBED_SWIFT_STANDARD_LIBRARIES = YES;
				BUNDLE_LOADER = "$(TEST_HOST)";
				CODE_SIGN_STYLE = Automatic;
				DEVELOPMENT_TEAM = 55SRM36F8Y;
				INFOPLIST_FILE = PlusOneTests/Info.plist;
				IPHONEOS_DEPLOYMENT_TARGET = 14.0;
				LD_RUNPATH_SEARCH_PATHS = (
					"$(inherited)",
					"@executable_path/Frameworks",
					"@loader_path/Frameworks",
				);
				PRODUCT_BUNDLE_IDENTIFIER = nknrDev.PlusOneTests;
				PRODUCT_NAME = "$(TARGET_NAME)";
				SWIFT_VERSION = 5.0;
				TARGETED_DEVICE_FAMILY = "1,2";
				TEST_HOST = "$(BUILT_PRODUCTS_DIR)/PlusOne.app/PlusOne";
			};
			name = Debug;
		};
		FAA990D524A3DBB500076201 /* Release */ = {
			isa = XCBuildConfiguration;
			buildSettings = {
				ALWAYS_EMBED_SWIFT_STANDARD_LIBRARIES = YES;
				BUNDLE_LOADER = "$(TEST_HOST)";
				CODE_SIGN_STYLE = Automatic;
				DEVELOPMENT_TEAM = 55SRM36F8Y;
				INFOPLIST_FILE = PlusOneTests/Info.plist;
				IPHONEOS_DEPLOYMENT_TARGET = 14.0;
				LD_RUNPATH_SEARCH_PATHS = (
					"$(inherited)",
					"@executable_path/Frameworks",
					"@loader_path/Frameworks",
				);
				PRODUCT_BUNDLE_IDENTIFIER = nknrDev.PlusOneTests;
				PRODUCT_NAME = "$(TARGET_NAME)";
				SWIFT_VERSION = 5.0;
				TARGETED_DEVICE_FAMILY = "1,2";
				TEST_HOST = "$(BUILT_PRODUCTS_DIR)/PlusOne.app/PlusOne";
			};
			name = Release;
		};
		FAA990D724A3DBB500076201 /* Debug */ = {
			isa = XCBuildConfiguration;
			buildSettings = {
				ALWAYS_EMBED_SWIFT_STANDARD_LIBRARIES = YES;
				CODE_SIGN_STYLE = Automatic;
				DEVELOPMENT_TEAM = 55SRM36F8Y;
				INFOPLIST_FILE = PlusOneUITests/Info.plist;
				LD_RUNPATH_SEARCH_PATHS = (
					"$(inherited)",
					"@executable_path/Frameworks",
					"@loader_path/Frameworks",
				);
				PRODUCT_BUNDLE_IDENTIFIER = nknrDev.PlusOneUITests;
				PRODUCT_NAME = "$(TARGET_NAME)";
				SWIFT_VERSION = 5.0;
				TARGETED_DEVICE_FAMILY = "1,2";
				TEST_TARGET_NAME = PlusOne;
			};
			name = Debug;
		};
		FAA990D824A3DBB500076201 /* Release */ = {
			isa = XCBuildConfiguration;
			buildSettings = {
				ALWAYS_EMBED_SWIFT_STANDARD_LIBRARIES = YES;
				CODE_SIGN_STYLE = Automatic;
				DEVELOPMENT_TEAM = 55SRM36F8Y;
				INFOPLIST_FILE = PlusOneUITests/Info.plist;
				LD_RUNPATH_SEARCH_PATHS = (
					"$(inherited)",
					"@executable_path/Frameworks",
					"@loader_path/Frameworks",
				);
				PRODUCT_BUNDLE_IDENTIFIER = nknrDev.PlusOneUITests;
				PRODUCT_NAME = "$(TARGET_NAME)";
				SWIFT_VERSION = 5.0;
				TARGETED_DEVICE_FAMILY = "1,2";
				TEST_TARGET_NAME = PlusOne;
			};
			name = Release;
		};
/* End XCBuildConfiguration section */

/* Begin XCConfigurationList section */
		FAA9909E24A3DBB400076201 /* Build configuration list for PBXProject "PlusOne" */ = {
			isa = XCConfigurationList;
			buildConfigurations = (
				FAA990CE24A3DBB500076201 /* Debug */,
				FAA990CF24A3DBB500076201 /* Release */,
			);
			defaultConfigurationIsVisible = 0;
			defaultConfigurationName = Release;
		};
		FAA990D024A3DBB500076201 /* Build configuration list for PBXNativeTarget "PlusOne" */ = {
			isa = XCConfigurationList;
			buildConfigurations = (
				FAA990D124A3DBB500076201 /* Debug */,
				FAA990D224A3DBB500076201 /* Release */,
			);
			defaultConfigurationIsVisible = 0;
			defaultConfigurationName = Release;
		};
		FAA990D324A3DBB500076201 /* Build configuration list for PBXNativeTarget "PlusOneTests" */ = {
			isa = XCConfigurationList;
			buildConfigurations = (
				FAA990D424A3DBB500076201 /* Debug */,
				FAA990D524A3DBB500076201 /* Release */,
			);
			defaultConfigurationIsVisible = 0;
			defaultConfigurationName = Release;
		};
		FAA990D624A3DBB500076201 /* Build configuration list for PBXNativeTarget "PlusOneUITests" */ = {
			isa = XCConfigurationList;
			buildConfigurations = (
				FAA990D724A3DBB500076201 /* Debug */,
				FAA990D824A3DBB500076201 /* Release */,
			);
			defaultConfigurationIsVisible = 0;
			defaultConfigurationName = Release;
		};
/* End XCConfigurationList section */

/* Begin XCVersionGroup section */
		FAA990AF24A3DBB400076201 /* PlusOne.xcdatamodeld */ = {
			isa = XCVersionGroup;
			children = (
				FAA990B024A3DBB400076201 /* PlusOne.xcdatamodel */,
			);
			currentVersion = FAA990B024A3DBB400076201 /* PlusOne.xcdatamodel */;
			path = PlusOne.xcdatamodeld;
			sourceTree = "<group>";
			versionGroupType = wrapper.xcdatamodel;
		};
/* End XCVersionGroup section */
	};
	rootObject = FAA9909B24A3DBB400076201 /* Project object */;
}
