// !$*UTF8*$!
{
	archiveVersion = 1;
	classes = {
	};
	objectVersion = 55;
	objects = {

/* Begin PBXBuildFile section */
		FAB3E48D2847D4CA0029B12D /* PlusOneApp.swift in Sources */ = {isa = PBXBuildFile; fileRef = FAB3E48C2847D4CA0029B12D /* PlusOneApp.swift */; };
		FAB3E48F2847D4CA0029B12D /* ContentView.swift in Sources */ = {isa = PBXBuildFile; fileRef = FAB3E48E2847D4CA0029B12D /* ContentView.swift */; };
		FAB3E4912847D4CA0029B12D /* Assets.xcassets in Resources */ = {isa = PBXBuildFile; fileRef = FAB3E4902847D4CA0029B12D /* Assets.xcassets */; };
		FAB3E4942847D4CA0029B12D /* Preview Assets.xcassets in Resources */ = {isa = PBXBuildFile; fileRef = FAB3E4932847D4CA0029B12D /* Preview Assets.xcassets */; };
		FAB3E4962847D4CA0029B12D /* PersistenceController.swift in Sources */ = {isa = PBXBuildFile; fileRef = FAB3E4952847D4CA0029B12D /* PersistenceController.swift */; };
		FAB3E4992847D4CA0029B12D /* PlusOne.xcdatamodeld in Sources */ = {isa = PBXBuildFile; fileRef = FAB3E4972847D4CA0029B12D /* PlusOne.xcdatamodeld */; };
		FAB3E4A32847D4CA0029B12D /* PlusOneTests.swift in Sources */ = {isa = PBXBuildFile; fileRef = FAB3E4A22847D4CA0029B12D /* PlusOneTests.swift */; };
		FAB3E4AD2847D4CA0029B12D /* PlusOneUITests.swift in Sources */ = {isa = PBXBuildFile; fileRef = FAB3E4AC2847D4CA0029B12D /* PlusOneUITests.swift */; };
		FAB3E4AF2847D4CA0029B12D /* PlusOneUITestsLaunchTests.swift in Sources */ = {isa = PBXBuildFile; fileRef = FAB3E4AE2847D4CA0029B12D /* PlusOneUITestsLaunchTests.swift */; };
		FAB3E4BE2847D60F0029B12D /* Config.swift in Sources */ = {isa = PBXBuildFile; fileRef = FAB3E4BD2847D60F0029B12D /* Config.swift */; };
		FAB3E4C42847D8E70029B12D /* CloudKit.framework in Frameworks */ = {isa = PBXBuildFile; fileRef = FAB3E4C32847D8E70029B12D /* CloudKit.framework */; };
/* End PBXBuildFile section */

/* Begin PBXContainerItemProxy section */
		FAB3E49F2847D4CA0029B12D /* PBXContainerItemProxy */ = {
			isa = PBXContainerItemProxy;
			containerPortal = FAB3E4812847D4CA0029B12D /* Project object */;
			proxyType = 1;
			remoteGlobalIDString = FAB3E4882847D4CA0029B12D;
			remoteInfo = PlusOne;
		};
		FAB3E4A92847D4CA0029B12D /* PBXContainerItemProxy */ = {
			isa = PBXContainerItemProxy;
			containerPortal = FAB3E4812847D4CA0029B12D /* Project object */;
			proxyType = 1;
			remoteGlobalIDString = FAB3E4882847D4CA0029B12D;
			remoteInfo = PlusOne;
		};
/* End PBXContainerItemProxy section */

/* Begin PBXFileReference section */
		FAB3E4892847D4CA0029B12D /* PlusOne.app */ = {isa = PBXFileReference; explicitFileType = wrapper.application; includeInIndex = 0; path = PlusOne.app; sourceTree = BUILT_PRODUCTS_DIR; };
		FAB3E48C2847D4CA0029B12D /* PlusOneApp.swift */ = {isa = PBXFileReference; lastKnownFileType = sourcecode.swift; path = PlusOneApp.swift; sourceTree = "<group>"; };
		FAB3E48E2847D4CA0029B12D /* ContentView.swift */ = {isa = PBXFileReference; lastKnownFileType = sourcecode.swift; path = ContentView.swift; sourceTree = "<group>"; };
		FAB3E4902847D4CA0029B12D /* Assets.xcassets */ = {isa = PBXFileReference; lastKnownFileType = folder.assetcatalog; path = Assets.xcassets; sourceTree = "<group>"; };
		FAB3E4932847D4CA0029B12D /* Preview Assets.xcassets */ = {isa = PBXFileReference; lastKnownFileType = folder.assetcatalog; path = "Preview Assets.xcassets"; sourceTree = "<group>"; };
		FAB3E4952847D4CA0029B12D /* PersistenceController.swift */ = {isa = PBXFileReference; lastKnownFileType = sourcecode.swift; path = PersistenceController.swift; sourceTree = "<group>"; };
		FAB3E4982847D4CA0029B12D /* PlusOne.xcdatamodel */ = {isa = PBXFileReference; lastKnownFileType = wrapper.xcdatamodel; path = PlusOne.xcdatamodel; sourceTree = "<group>"; };
		FAB3E49E2847D4CA0029B12D /* PlusOneTests.xctest */ = {isa = PBXFileReference; explicitFileType = wrapper.cfbundle; includeInIndex = 0; path = PlusOneTests.xctest; sourceTree = BUILT_PRODUCTS_DIR; };
		FAB3E4A22847D4CA0029B12D /* PlusOneTests.swift */ = {isa = PBXFileReference; lastKnownFileType = sourcecode.swift; path = PlusOneTests.swift; sourceTree = "<group>"; };
		FAB3E4A82847D4CA0029B12D /* PlusOneUITests.xctest */ = {isa = PBXFileReference; explicitFileType = wrapper.cfbundle; includeInIndex = 0; path = PlusOneUITests.xctest; sourceTree = BUILT_PRODUCTS_DIR; };
		FAB3E4AC2847D4CA0029B12D /* PlusOneUITests.swift */ = {isa = PBXFileReference; lastKnownFileType = sourcecode.swift; path = PlusOneUITests.swift; sourceTree = "<group>"; };
		FAB3E4AE2847D4CA0029B12D /* PlusOneUITestsLaunchTests.swift */ = {isa = PBXFileReference; lastKnownFileType = sourcecode.swift; path = PlusOneUITestsLaunchTests.swift; sourceTree = "<group>"; };
		FAB3E4BB2847D53C0029B12D /* PlusOne.entitlements */ = {isa = PBXFileReference; lastKnownFileType = text.plist.entitlements; path = PlusOne.entitlements; sourceTree = "<group>"; };
		FAB3E4BD2847D60F0029B12D /* Config.swift */ = {isa = PBXFileReference; lastKnownFileType = sourcecode.swift; path = Config.swift; sourceTree = "<group>"; };
		FAB3E4C32847D8E70029B12D /* CloudKit.framework */ = {isa = PBXFileReference; lastKnownFileType = wrapper.framework; name = CloudKit.framework; path = System/Library/Frameworks/CloudKit.framework; sourceTree = SDKROOT; };
/* End PBXFileReference section */

/* Begin PBXFrameworksBuildPhase section */
		FAB3E4862847D4CA0029B12D /* Frameworks */ = {
			isa = PBXFrameworksBuildPhase;
			buildActionMask = 2147483647;
			files = (
				FAB3E4C42847D8E70029B12D /* CloudKit.framework in Frameworks */,
			);
			runOnlyForDeploymentPostprocessing = 0;
		};
		FAB3E49B2847D4CA0029B12D /* Frameworks */ = {
			isa = PBXFrameworksBuildPhase;
			buildActionMask = 2147483647;
			files = (
			);
			runOnlyForDeploymentPostprocessing = 0;
		};
		FAB3E4A52847D4CA0029B12D /* Frameworks */ = {
			isa = PBXFrameworksBuildPhase;
			buildActionMask = 2147483647;
			files = (
			);
			runOnlyForDeploymentPostprocessing = 0;
		};
/* End PBXFrameworksBuildPhase section */

/* Begin PBXGroup section */
		FAB3E4802847D4CA0029B12D = {
			isa = PBXGroup;
			children = (
				FAB3E48B2847D4CA0029B12D /* PlusOne */,
				FAB3E4A12847D4CA0029B12D /* PlusOneTests */,
				FAB3E4AB2847D4CA0029B12D /* PlusOneUITests */,
				FAB3E48A2847D4CA0029B12D /* Products */,
				FAB3E4C22847D8E70029B12D /* Frameworks */,
			);
			sourceTree = "<group>";
		};
		FAB3E48A2847D4CA0029B12D /* Products */ = {
			isa = PBXGroup;
			children = (
				FAB3E4892847D4CA0029B12D /* PlusOne.app */,
				FAB3E49E2847D4CA0029B12D /* PlusOneTests.xctest */,
				FAB3E4A82847D4CA0029B12D /* PlusOneUITests.xctest */,
			);
			name = Products;
			sourceTree = "<group>";
		};
		FAB3E48B2847D4CA0029B12D /* PlusOne */ = {
			isa = PBXGroup;
			children = (
				FAB3E4C12847D65C0029B12D /* UI */,
				FAB3E4C02847D6530029B12D /* Models */,
				FAB3E4BF2847D6470029B12D /* Resources */,
				FAB3E4BC2847D6050029B12D /* App */,
				FAB3E4922847D4CA0029B12D /* Preview Content */,
			);
			path = PlusOne;
			sourceTree = "<group>";
		};
		FAB3E4922847D4CA0029B12D /* Preview Content */ = {
			isa = PBXGroup;
			children = (
				FAB3E4932847D4CA0029B12D /* Preview Assets.xcassets */,
			);
			path = "Preview Content";
			sourceTree = "<group>";
		};
		FAB3E4A12847D4CA0029B12D /* PlusOneTests */ = {
			isa = PBXGroup;
			children = (
				FAB3E4A22847D4CA0029B12D /* PlusOneTests.swift */,
			);
			path = PlusOneTests;
			sourceTree = "<group>";
		};
		FAB3E4AB2847D4CA0029B12D /* PlusOneUITests */ = {
			isa = PBXGroup;
			children = (
				FAB3E4AC2847D4CA0029B12D /* PlusOneUITests.swift */,
				FAB3E4AE2847D4CA0029B12D /* PlusOneUITestsLaunchTests.swift */,
			);
			path = PlusOneUITests;
			sourceTree = "<group>";
		};
		FAB3E4BC2847D6050029B12D /* App */ = {
			isa = PBXGroup;
			children = (
				FAB3E4BB2847D53C0029B12D /* PlusOne.entitlements */,
				FAB3E4BD2847D60F0029B12D /* Config.swift */,
				FAB3E48C2847D4CA0029B12D /* PlusOneApp.swift */,
			);
			path = App;
			sourceTree = "<group>";
		};
		FAB3E4BF2847D6470029B12D /* Resources */ = {
			isa = PBXGroup;
			children = (
				FAB3E4902847D4CA0029B12D /* Assets.xcassets */,
			);
			path = Resources;
			sourceTree = "<group>";
		};
		FAB3E4C02847D6530029B12D /* Models */ = {
			isa = PBXGroup;
			children = (
				FAB3E4952847D4CA0029B12D /* PersistenceController.swift */,
				FAB3E4972847D4CA0029B12D /* PlusOne.xcdatamodeld */,
			);
			path = Models;
			sourceTree = "<group>";
		};
		FAB3E4C12847D65C0029B12D /* UI */ = {
			isa = PBXGroup;
			children = (
				FAB3E48E2847D4CA0029B12D /* ContentView.swift */,
			);
			path = UI;
			sourceTree = "<group>";
		};
		FAB3E4C22847D8E70029B12D /* Frameworks */ = {
			isa = PBXGroup;
			children = (
				FAB3E4C32847D8E70029B12D /* CloudKit.framework */,
			);
			name = Frameworks;
			sourceTree = "<group>";
		};
/* End PBXGroup section */

/* Begin PBXNativeTarget section */
		FAB3E4882847D4CA0029B12D /* PlusOne */ = {
			isa = PBXNativeTarget;
			buildConfigurationList = FAB3E4B22847D4CA0029B12D /* Build configuration list for PBXNativeTarget "PlusOne" */;
			buildPhases = (
				FAB3E4852847D4CA0029B12D /* Sources */,
				FAB3E4862847D4CA0029B12D /* Frameworks */,
				FAB3E4872847D4CA0029B12D /* Resources */,
			);
			buildRules = (
			);
			dependencies = (
			);
			name = PlusOne;
			productName = PlusOne;
			productReference = FAB3E4892847D4CA0029B12D /* PlusOne.app */;
			productType = "com.apple.product-type.application";
		};
		FAB3E49D2847D4CA0029B12D /* PlusOneTests */ = {
			isa = PBXNativeTarget;
			buildConfigurationList = FAB3E4B52847D4CA0029B12D /* Build configuration list for PBXNativeTarget "PlusOneTests" */;
			buildPhases = (
				FAB3E49A2847D4CA0029B12D /* Sources */,
				FAB3E49B2847D4CA0029B12D /* Frameworks */,
				FAB3E49C2847D4CA0029B12D /* Resources */,
			);
			buildRules = (
			);
			dependencies = (
				FAB3E4A02847D4CA0029B12D /* PBXTargetDependency */,
			);
			name = PlusOneTests;
			productName = PlusOneTests;
			productReference = FAB3E49E2847D4CA0029B12D /* PlusOneTests.xctest */;
			productType = "com.apple.product-type.bundle.unit-test";
		};
		FAB3E4A72847D4CA0029B12D /* PlusOneUITests */ = {
			isa = PBXNativeTarget;
			buildConfigurationList = FAB3E4B82847D4CA0029B12D /* Build configuration list for PBXNativeTarget "PlusOneUITests" */;
			buildPhases = (
				FAB3E4A42847D4CA0029B12D /* Sources */,
				FAB3E4A52847D4CA0029B12D /* Frameworks */,
				FAB3E4A62847D4CA0029B12D /* Resources */,
			);
			buildRules = (
			);
			dependencies = (
				FAB3E4AA2847D4CA0029B12D /* PBXTargetDependency */,
			);
			name = PlusOneUITests;
			productName = PlusOneUITests;
			productReference = FAB3E4A82847D4CA0029B12D /* PlusOneUITests.xctest */;
			productType = "com.apple.product-type.bundle.ui-testing";
		};
/* End PBXNativeTarget section */

/* Begin PBXProject section */
		FAB3E4812847D4CA0029B12D /* Project object */ = {
			isa = PBXProject;
			attributes = {
				BuildIndependentTargetsInParallel = 1;
				LastSwiftUpdateCheck = 1340;
				LastUpgradeCheck = 1340;
				TargetAttributes = {
					FAB3E4882847D4CA0029B12D = {
						CreatedOnToolsVersion = 13.4;
					};
					FAB3E49D2847D4CA0029B12D = {
						CreatedOnToolsVersion = 13.4;
						TestTargetID = FAB3E4882847D4CA0029B12D;
					};
					FAB3E4A72847D4CA0029B12D = {
						CreatedOnToolsVersion = 13.4;
						TestTargetID = FAB3E4882847D4CA0029B12D;
					};
				};
			};
			buildConfigurationList = FAB3E4842847D4CA0029B12D /* Build configuration list for PBXProject "PlusOne" */;
			compatibilityVersion = "Xcode 13.0";
			developmentRegion = en;
			hasScannedForEncodings = 0;
			knownRegions = (
				en,
				Base,
			);
			mainGroup = FAB3E4802847D4CA0029B12D;
			productRefGroup = FAB3E48A2847D4CA0029B12D /* Products */;
			projectDirPath = "";
			projectRoot = "";
			targets = (
				FAB3E4882847D4CA0029B12D /* PlusOne */,
				FAB3E49D2847D4CA0029B12D /* PlusOneTests */,
				FAB3E4A72847D4CA0029B12D /* PlusOneUITests */,
			);
		};
/* End PBXProject section */

/* Begin PBXResourcesBuildPhase section */
		FAB3E4872847D4CA0029B12D /* Resources */ = {
			isa = PBXResourcesBuildPhase;
			buildActionMask = 2147483647;
			files = (
				FAB3E4942847D4CA0029B12D /* Preview Assets.xcassets in Resources */,
				FAB3E4912847D4CA0029B12D /* Assets.xcassets in Resources */,
			);
			runOnlyForDeploymentPostprocessing = 0;
		};
		FAB3E49C2847D4CA0029B12D /* Resources */ = {
			isa = PBXResourcesBuildPhase;
			buildActionMask = 2147483647;
			files = (
			);
			runOnlyForDeploymentPostprocessing = 0;
		};
		FAB3E4A62847D4CA0029B12D /* Resources */ = {
			isa = PBXResourcesBuildPhase;
			buildActionMask = 2147483647;
			files = (
			);
			runOnlyForDeploymentPostprocessing = 0;
		};
/* End PBXResourcesBuildPhase section */

/* Begin PBXSourcesBuildPhase section */
		FAB3E4852847D4CA0029B12D /* Sources */ = {
			isa = PBXSourcesBuildPhase;
			buildActionMask = 2147483647;
			files = (
				FAB3E4962847D4CA0029B12D /* PersistenceController.swift in Sources */,
				FAB3E48F2847D4CA0029B12D /* ContentView.swift in Sources */,
				FAB3E4BE2847D60F0029B12D /* Config.swift in Sources */,
				FAB3E4992847D4CA0029B12D /* PlusOne.xcdatamodeld in Sources */,
				FAB3E48D2847D4CA0029B12D /* PlusOneApp.swift in Sources */,
			);
			runOnlyForDeploymentPostprocessing = 0;
		};
		FAB3E49A2847D4CA0029B12D /* Sources */ = {
			isa = PBXSourcesBuildPhase;
			buildActionMask = 2147483647;
			files = (
				FAB3E4A32847D4CA0029B12D /* PlusOneTests.swift in Sources */,
			);
			runOnlyForDeploymentPostprocessing = 0;
		};
		FAB3E4A42847D4CA0029B12D /* Sources */ = {
			isa = PBXSourcesBuildPhase;
			buildActionMask = 2147483647;
			files = (
				FAB3E4AD2847D4CA0029B12D /* PlusOneUITests.swift in Sources */,
				FAB3E4AF2847D4CA0029B12D /* PlusOneUITestsLaunchTests.swift in Sources */,
			);
			runOnlyForDeploymentPostprocessing = 0;
		};
/* End PBXSourcesBuildPhase section */

/* Begin PBXTargetDependency section */
		FAB3E4A02847D4CA0029B12D /* PBXTargetDependency */ = {
			isa = PBXTargetDependency;
			target = FAB3E4882847D4CA0029B12D /* PlusOne */;
			targetProxy = FAB3E49F2847D4CA0029B12D /* PBXContainerItemProxy */;
		};
		FAB3E4AA2847D4CA0029B12D /* PBXTargetDependency */ = {
			isa = PBXTargetDependency;
			target = FAB3E4882847D4CA0029B12D /* PlusOne */;
			targetProxy = FAB3E4A92847D4CA0029B12D /* PBXContainerItemProxy */;
		};
/* End PBXTargetDependency section */

/* Begin XCBuildConfiguration section */
		FAB3E4B02847D4CA0029B12D /* Debug */ = {
			isa = XCBuildConfiguration;
			buildSettings = {
				ALWAYS_SEARCH_USER_PATHS = NO;
				CLANG_ANALYZER_NONNULL = YES;
				CLANG_ANALYZER_NUMBER_OBJECT_CONVERSION = YES_AGGRESSIVE;
				CLANG_CXX_LANGUAGE_STANDARD = "gnu++17";
				CLANG_ENABLE_MODULES = YES;
				CLANG_ENABLE_OBJC_ARC = YES;
				CLANG_ENABLE_OBJC_WEAK = YES;
				CLANG_WARN_BLOCK_CAPTURE_AUTORELEASING = YES;
				CLANG_WARN_BOOL_CONVERSION = YES;
				CLANG_WARN_COMMA = YES;
				CLANG_WARN_CONSTANT_CONVERSION = YES;
				CLANG_WARN_DEPRECATED_OBJC_IMPLEMENTATIONS = YES;
				CLANG_WARN_DIRECT_OBJC_ISA_USAGE = YES_ERROR;
				CLANG_WARN_DOCUMENTATION_COMMENTS = YES;
				CLANG_WARN_EMPTY_BODY = YES;
				CLANG_WARN_ENUM_CONVERSION = YES;
				CLANG_WARN_INFINITE_RECURSION = YES;
				CLANG_WARN_INT_CONVERSION = YES;
				CLANG_WARN_NON_LITERAL_NULL_CONVERSION = YES;
				CLANG_WARN_OBJC_IMPLICIT_RETAIN_SELF = YES;
				CLANG_WARN_OBJC_LITERAL_CONVERSION = YES;
				CLANG_WARN_OBJC_ROOT_CLASS = YES_ERROR;
				CLANG_WARN_QUOTED_INCLUDE_IN_FRAMEWORK_HEADER = YES;
				CLANG_WARN_RANGE_LOOP_ANALYSIS = YES;
				CLANG_WARN_STRICT_PROTOTYPES = YES;
				CLANG_WARN_SUSPICIOUS_MOVE = YES;
				CLANG_WARN_UNGUARDED_AVAILABILITY = YES_AGGRESSIVE;
				CLANG_WARN_UNREACHABLE_CODE = YES;
				CLANG_WARN__DUPLICATE_METHOD_MATCH = YES;
				COPY_PHASE_STRIP = NO;
				DEBUG_INFORMATION_FORMAT = dwarf;
				ENABLE_STRICT_OBJC_MSGSEND = YES;
				ENABLE_TESTABILITY = YES;
				GCC_C_LANGUAGE_STANDARD = gnu11;
				GCC_DYNAMIC_NO_PIC = NO;
				GCC_NO_COMMON_BLOCKS = YES;
				GCC_OPTIMIZATION_LEVEL = 0;
				GCC_PREPROCESSOR_DEFINITIONS = (
					"DEBUG=1",
					"$(inherited)",
				);
				GCC_WARN_64_TO_32_BIT_CONVERSION = YES;
				GCC_WARN_ABOUT_RETURN_TYPE = YES_ERROR;
				GCC_WARN_UNDECLARED_SELECTOR = YES;
				GCC_WARN_UNINITIALIZED_AUTOS = YES_AGGRESSIVE;
				GCC_WARN_UNUSED_FUNCTION = YES;
				GCC_WARN_UNUSED_VARIABLE = YES;
				IPHONEOS_DEPLOYMENT_TARGET = 15.5;
				MTL_ENABLE_DEBUG_INFO = INCLUDE_SOURCE;
				MTL_FAST_MATH = YES;
				ONLY_ACTIVE_ARCH = YES;
				SDKROOT = iphoneos;
				SWIFT_ACTIVE_COMPILATION_CONDITIONS = DEBUG;
				SWIFT_OPTIMIZATION_LEVEL = "-Onone";
			};
			name = Debug;
		};
		FAB3E4B12847D4CA0029B12D /* Release */ = {
			isa = XCBuildConfiguration;
			buildSettings = {
				ALWAYS_SEARCH_USER_PATHS = NO;
				CLANG_ANALYZER_NONNULL = YES;
				CLANG_ANALYZER_NUMBER_OBJECT_CONVERSION = YES_AGGRESSIVE;
				CLANG_CXX_LANGUAGE_STANDARD = "gnu++17";
				CLANG_ENABLE_MODULES = YES;
				CLANG_ENABLE_OBJC_ARC = YES;
				CLANG_ENABLE_OBJC_WEAK = YES;
				CLANG_WARN_BLOCK_CAPTURE_AUTORELEASING = YES;
				CLANG_WARN_BOOL_CONVERSION = YES;
				CLANG_WARN_COMMA = YES;
				CLANG_WARN_CONSTANT_CONVERSION = YES;
				CLANG_WARN_DEPRECATED_OBJC_IMPLEMENTATIONS = YES;
				CLANG_WARN_DIRECT_OBJC_ISA_USAGE = YES_ERROR;
				CLANG_WARN_DOCUMENTATION_COMMENTS = YES;
				CLANG_WARN_EMPTY_BODY = YES;
				CLANG_WARN_ENUM_CONVERSION = YES;
				CLANG_WARN_INFINITE_RECURSION = YES;
				CLANG_WARN_INT_CONVERSION = YES;
				CLANG_WARN_NON_LITERAL_NULL_CONVERSION = YES;
				CLANG_WARN_OBJC_IMPLICIT_RETAIN_SELF = YES;
				CLANG_WARN_OBJC_LITERAL_CONVERSION = YES;
				CLANG_WARN_OBJC_ROOT_CLASS = YES_ERROR;
				CLANG_WARN_QUOTED_INCLUDE_IN_FRAMEWORK_HEADER = YES;
				CLANG_WARN_RANGE_LOOP_ANALYSIS = YES;
				CLANG_WARN_STRICT_PROTOTYPES = YES;
				CLANG_WARN_SUSPICIOUS_MOVE = YES;
				CLANG_WARN_UNGUARDED_AVAILABILITY = YES_AGGRESSIVE;
				CLANG_WARN_UNREACHABLE_CODE = YES;
				CLANG_WARN__DUPLICATE_METHOD_MATCH = YES;
				COPY_PHASE_STRIP = NO;
				DEBUG_INFORMATION_FORMAT = "dwarf-with-dsym";
				ENABLE_NS_ASSERTIONS = NO;
				ENABLE_STRICT_OBJC_MSGSEND = YES;
				GCC_C_LANGUAGE_STANDARD = gnu11;
				GCC_NO_COMMON_BLOCKS = YES;
				GCC_WARN_64_TO_32_BIT_CONVERSION = YES;
				GCC_WARN_ABOUT_RETURN_TYPE = YES_ERROR;
				GCC_WARN_UNDECLARED_SELECTOR = YES;
				GCC_WARN_UNINITIALIZED_AUTOS = YES_AGGRESSIVE;
				GCC_WARN_UNUSED_FUNCTION = YES;
				GCC_WARN_UNUSED_VARIABLE = YES;
				IPHONEOS_DEPLOYMENT_TARGET = 15.5;
				MTL_ENABLE_DEBUG_INFO = NO;
				MTL_FAST_MATH = YES;
				SDKROOT = iphoneos;
				SWIFT_COMPILATION_MODE = wholemodule;
				SWIFT_OPTIMIZATION_LEVEL = "-O";
				VALIDATE_PRODUCT = YES;
			};
			name = Release;
		};
		FAB3E4B32847D4CA0029B12D /* Debug */ = {
			isa = XCBuildConfiguration;
			buildSettings = {
				ASSETCATALOG_COMPILER_APPICON_NAME = AppIcon;
				ASSETCATALOG_COMPILER_GLOBAL_ACCENT_COLOR_NAME = AccentColor;
				CODE_SIGN_ENTITLEMENTS = PlusOne/PlusOne.entitlements;
				CODE_SIGN_STYLE = Automatic;
				CURRENT_PROJECT_VERSION = 1;
				DEVELOPMENT_ASSET_PATHS = "\"PlusOne/Preview Content\"";
				DEVELOPMENT_TEAM = 55SRM36F8Y;
				ENABLE_PREVIEWS = YES;
				GENERATE_INFOPLIST_FILE = YES;
				INFOPLIST_KEY_UIApplicationSceneManifest_Generation = YES;
				INFOPLIST_KEY_UIApplicationSupportsIndirectInputEvents = YES;
				INFOPLIST_KEY_UILaunchScreen_Generation = YES;
				INFOPLIST_KEY_UISupportedInterfaceOrientations_iPad = "UIInterfaceOrientationPortrait UIInterfaceOrientationPortraitUpsideDown UIInterfaceOrientationLandscapeLeft UIInterfaceOrientationLandscapeRight";
				INFOPLIST_KEY_UISupportedInterfaceOrientations_iPhone = "UIInterfaceOrientationPortrait UIInterfaceOrientationLandscapeLeft UIInterfaceOrientationLandscapeRight";
				IPHONEOS_DEPLOYMENT_TARGET = 15.3;
				LD_RUNPATH_SEARCH_PATHS = (
					"$(inherited)",
					"@executable_path/Frameworks",
				);
				MARKETING_VERSION = 2.0.0;
				PRODUCT_BUNDLE_IDENTIFIER = NknrDev.QuickCounter;
				PRODUCT_NAME = "$(TARGET_NAME)";
				SUPPORTS_MACCATALYST = YES;
				SWIFT_EMIT_LOC_STRINGS = YES;
				SWIFT_VERSION = 5.0;
				TARGETED_DEVICE_FAMILY = "1,2,6";
			};
			name = Debug;
		};
		FAB3E4B42847D4CA0029B12D /* Release */ = {
			isa = XCBuildConfiguration;
			buildSettings = {
				ASSETCATALOG_COMPILER_APPICON_NAME = AppIcon;
				ASSETCATALOG_COMPILER_GLOBAL_ACCENT_COLOR_NAME = AccentColor;
				CODE_SIGN_ENTITLEMENTS = PlusOne/PlusOne.entitlements;
				CODE_SIGN_STYLE = Automatic;
				CURRENT_PROJECT_VERSION = 1;
				DEVELOPMENT_ASSET_PATHS = "\"PlusOne/Preview Content\"";
				DEVELOPMENT_TEAM = 55SRM36F8Y;
				ENABLE_PREVIEWS = YES;
				GENERATE_INFOPLIST_FILE = YES;
				INFOPLIST_KEY_UIApplicationSceneManifest_Generation = YES;
				INFOPLIST_KEY_UIApplicationSupportsIndirectInputEvents = YES;
				INFOPLIST_KEY_UILaunchScreen_Generation = YES;
				INFOPLIST_KEY_UISupportedInterfaceOrientations_iPad = "UIInterfaceOrientationPortrait UIInterfaceOrientationPortraitUpsideDown UIInterfaceOrientationLandscapeLeft UIInterfaceOrientationLandscapeRight";
				INFOPLIST_KEY_UISupportedInterfaceOrientations_iPhone = "UIInterfaceOrientationPortrait UIInterfaceOrientationLandscapeLeft UIInterfaceOrientationLandscapeRight";
				IPHONEOS_DEPLOYMENT_TARGET = 15.3;
				LD_RUNPATH_SEARCH_PATHS = (
					"$(inherited)",
					"@executable_path/Frameworks",
				);
				MARKETING_VERSION = 2.0.0;
				PRODUCT_BUNDLE_IDENTIFIER = NknrDev.QuickCounter;
				PRODUCT_NAME = "$(TARGET_NAME)";
				SUPPORTS_MACCATALYST = YES;
				SWIFT_EMIT_LOC_STRINGS = YES;
				SWIFT_VERSION = 5.0;
				TARGETED_DEVICE_FAMILY = "1,2,6";
			};
			name = Release;
		};
		FAB3E4B62847D4CA0029B12D /* Debug */ = {
			isa = XCBuildConfiguration;
			buildSettings = {
				ALWAYS_EMBED_SWIFT_STANDARD_LIBRARIES = YES;
				BUNDLE_LOADER = "$(TEST_HOST)";
				CODE_SIGN_STYLE = Automatic;
				CURRENT_PROJECT_VERSION = 1;
				DEVELOPMENT_TEAM = 55SRM36F8Y;
				GENERATE_INFOPLIST_FILE = YES;
				IPHONEOS_DEPLOYMENT_TARGET = 15.5;
				MARKETING_VERSION = 1.0;
				PRODUCT_BUNDLE_IDENTIFIER = NknrDev.PlusOneTests;
				PRODUCT_NAME = "$(TARGET_NAME)";
				SWIFT_EMIT_LOC_STRINGS = NO;
				SWIFT_VERSION = 5.0;
				TARGETED_DEVICE_FAMILY = "1,2";
				TEST_HOST = "$(BUILT_PRODUCTS_DIR)/PlusOne.app/PlusOne";
			};
			name = Debug;
		};
		FAB3E4B72847D4CA0029B12D /* Release */ = {
			isa = XCBuildConfiguration;
			buildSettings = {
				ALWAYS_EMBED_SWIFT_STANDARD_LIBRARIES = YES;
				BUNDLE_LOADER = "$(TEST_HOST)";
				CODE_SIGN_STYLE = Automatic;
				CURRENT_PROJECT_VERSION = 1;
				DEVELOPMENT_TEAM = 55SRM36F8Y;
				GENERATE_INFOPLIST_FILE = YES;
				IPHONEOS_DEPLOYMENT_TARGET = 15.5;
				MARKETING_VERSION = 1.0;
				PRODUCT_BUNDLE_IDENTIFIER = NknrDev.PlusOneTests;
				PRODUCT_NAME = "$(TARGET_NAME)";
				SWIFT_EMIT_LOC_STRINGS = NO;
				SWIFT_VERSION = 5.0;
				TARGETED_DEVICE_FAMILY = "1,2";
				TEST_HOST = "$(BUILT_PRODUCTS_DIR)/PlusOne.app/PlusOne";
			};
			name = Release;
		};
		FAB3E4B92847D4CA0029B12D /* Debug */ = {
			isa = XCBuildConfiguration;
			buildSettings = {
				ALWAYS_EMBED_SWIFT_STANDARD_LIBRARIES = YES;
				CODE_SIGN_STYLE = Automatic;
				CURRENT_PROJECT_VERSION = 1;
				DEVELOPMENT_TEAM = 55SRM36F8Y;
				GENERATE_INFOPLIST_FILE = YES;
				MARKETING_VERSION = 1.0;
				PRODUCT_BUNDLE_IDENTIFIER = NknrDev.PlusOneUITests;
				PRODUCT_NAME = "$(TARGET_NAME)";
				SWIFT_EMIT_LOC_STRINGS = NO;
				SWIFT_VERSION = 5.0;
				TARGETED_DEVICE_FAMILY = "1,2";
				TEST_TARGET_NAME = PlusOne;
			};
			name = Debug;
		};
		FAB3E4BA2847D4CA0029B12D /* Release */ = {
			isa = XCBuildConfiguration;
			buildSettings = {
				ALWAYS_EMBED_SWIFT_STANDARD_LIBRARIES = YES;
				CODE_SIGN_STYLE = Automatic;
				CURRENT_PROJECT_VERSION = 1;
				DEVELOPMENT_TEAM = 55SRM36F8Y;
				GENERATE_INFOPLIST_FILE = YES;
				MARKETING_VERSION = 1.0;
				PRODUCT_BUNDLE_IDENTIFIER = NknrDev.PlusOneUITests;
				PRODUCT_NAME = "$(TARGET_NAME)";
				SWIFT_EMIT_LOC_STRINGS = NO;
				SWIFT_VERSION = 5.0;
				TARGETED_DEVICE_FAMILY = "1,2";
				TEST_TARGET_NAME = PlusOne;
			};
			name = Release;
		};
/* End XCBuildConfiguration section */

/* Begin XCConfigurationList section */
		FAB3E4842847D4CA0029B12D /* Build configuration list for PBXProject "PlusOne" */ = {
			isa = XCConfigurationList;
			buildConfigurations = (
				FAB3E4B02847D4CA0029B12D /* Debug */,
				FAB3E4B12847D4CA0029B12D /* Release */,
			);
			defaultConfigurationIsVisible = 0;
			defaultConfigurationName = Release;
		};
		FAB3E4B22847D4CA0029B12D /* Build configuration list for PBXNativeTarget "PlusOne" */ = {
			isa = XCConfigurationList;
			buildConfigurations = (
				FAB3E4B32847D4CA0029B12D /* Debug */,
				FAB3E4B42847D4CA0029B12D /* Release */,
			);
			defaultConfigurationIsVisible = 0;
			defaultConfigurationName = Release;
		};
		FAB3E4B52847D4CA0029B12D /* Build configuration list for PBXNativeTarget "PlusOneTests" */ = {
			isa = XCConfigurationList;
			buildConfigurations = (
				FAB3E4B62847D4CA0029B12D /* Debug */,
				FAB3E4B72847D4CA0029B12D /* Release */,
			);
			defaultConfigurationIsVisible = 0;
			defaultConfigurationName = Release;
		};
		FAB3E4B82847D4CA0029B12D /* Build configuration list for PBXNativeTarget "PlusOneUITests" */ = {
			isa = XCConfigurationList;
			buildConfigurations = (
				FAB3E4B92847D4CA0029B12D /* Debug */,
				FAB3E4BA2847D4CA0029B12D /* Release */,
			);
			defaultConfigurationIsVisible = 0;
			defaultConfigurationName = Release;
		};
/* End XCConfigurationList section */

/* Begin XCVersionGroup section */
		FAB3E4972847D4CA0029B12D /* PlusOne.xcdatamodeld */ = {
			isa = XCVersionGroup;
			children = (
				FAB3E4982847D4CA0029B12D /* PlusOne.xcdatamodel */,
			);
			currentVersion = FAB3E4982847D4CA0029B12D /* PlusOne.xcdatamodel */;
			path = PlusOne.xcdatamodeld;
			sourceTree = "<group>";
			versionGroupType = wrapper.xcdatamodel;
		};
/* End XCVersionGroup section */
	};
	rootObject = FAB3E4812847D4CA0029B12D /* Project object */;
}
